# This file is automatically @generated by Cargo.
# It is not intended for manual editing.
version = 4

[[package]]
name = "predict-vm"
version = "0.1.0"

[[package]]
name = "pvm"
version = "0.1.0"

[[package]]
name = "pvm-jit"
version = "0.1.0"

[[package]]
name = "pvm-vm"
version = "0.1.0"
dependencies = [
 "pvm",
]
